
Microsoft Visual Studio Solution File, Format Version 12.00
# Visual Studio Version 17
VisualStudioVersion = 17.2.32630.192
MinimumVisualStudioVersion = 10.0.40219.1
Project("{9A19103F-16F7-4668-BE54-9A1E7A4F7556}") = "DiceClub.Database", "DiceClub.Database\DiceClub.Database.csproj", "{7B8FCCF2-E375-432C-AC29-3FA1FC5494DA}"
EndProject
Project("{FAE04EC0-301F-11D3-BF4B-00C04F79EFBC}") = "DiceClub.Web", "DiceClub.Web\DiceClub.Web.csproj", "{693CF1D1-CB7B-4BA1-877E-9B272983FEA7}"
EndProject
Project("{FAE04EC0-301F-11D3-BF4B-00C04F79EFBC}") = "DiceClub.Services", "DiceClub.Services\DiceClub.Services.csproj", "{B65D51B4-6A2F-4AB1-9FEE-5AC192FBF11B}"
EndProject
Global
	GlobalSection(SolutionConfigurationPlatforms) = preSolution
		Debug|Any CPU = Debug|Any CPU
		Release|Any CPU = Release|Any CPU
	EndGlobalSection
	GlobalSection(ProjectConfigurationPlatforms) = postSolution
		{7B8FCCF2-E375-432C-AC29-3FA1FC5494DA}.Debug|Any CPU.ActiveCfg = Debug|Any CPU
		{7B8FCCF2-E375-432C-AC29-3FA1FC5494DA}.Debug|Any CPU.Build.0 = Debug|Any CPU
		{7B8FCCF2-E375-432C-AC29-3FA1FC5494DA}.Release|Any CPU.ActiveCfg = Release|Any CPU
		{7B8FCCF2-E375-432C-AC29-3FA1FC5494DA}.Release|Any CPU.Build.0 = Release|Any CPU
		{693CF1D1-CB7B-4BA1-877E-9B272983FEA7}.Debug|Any CPU.ActiveCfg = Debug|Any CPU
		{693CF1D1-CB7B-4BA1-877E-9B272983FEA7}.Debug|Any CPU.Build.0 = Debug|Any CPU
		{693CF1D1-CB7B-4BA1-877E-9B272983FEA7}.Release|Any CPU.ActiveCfg = Release|Any CPU
		{693CF1D1-CB7B-4BA1-877E-9B272983FEA7}.Release|Any CPU.Build.0 = Release|Any CPU
		{B65D51B4-6A2F-4AB1-9FEE-5AC192FBF11B}.Debug|Any CPU.ActiveCfg = Debug|Any CPU
		{B65D51B4-6A2F-4AB1-9FEE-5AC192FBF11B}.Debug|Any CPU.Build.0 = Debug|Any CPU
		{B65D51B4-6A2F-4AB1-9FEE-5AC192FBF11B}.Release|Any CPU.ActiveCfg = Release|Any CPU
		{B65D51B4-6A2F-4AB1-9FEE-5AC192FBF11B}.Release|Any CPU.Build.0 = Release|Any CPU
	EndGlobalSection
	GlobalSection(SolutionProperties) = preSolution
		HideSolutionNode = FALSE
	EndGlobalSection
	GlobalSection(ExtensibilityGlobals) = postSolution
		SolutionGuid = {ED9AFD67-99DB-4090-B7A3-AA9082F97218}
	EndGlobalSection
EndGlobal
